// !$*UTF8*$!
{
	archiveVersion = 1;
	classes = {
	};
	objectVersion = 50;
	objects = {

/* Begin PBXBuildFile section */
		B25FD896268F419300BDFF77 /* AppDelegate.swift in Sources */ = {isa = PBXBuildFile; fileRef = B25FD895268F419300BDFF77 /* AppDelegate.swift */; };
		B25FD898268F419300BDFF77 /* SceneDelegate.swift in Sources */ = {isa = PBXBuildFile; fileRef = B25FD897268F419300BDFF77 /* SceneDelegate.swift */; };
		B25FD89A268F419300BDFF77 /* HomeViewController.swift in Sources */ = {isa = PBXBuildFile; fileRef = B25FD899268F419300BDFF77 /* HomeViewController.swift */; };
		B25FD89D268F419300BDFF77 /* Main.storyboard in Resources */ = {isa = PBXBuildFile; fileRef = B25FD89B268F419300BDFF77 /* Main.storyboard */; };
		B25FD89F268F419500BDFF77 /* Assets.xcassets in Resources */ = {isa = PBXBuildFile; fileRef = B25FD89E268F419500BDFF77 /* Assets.xcassets */; };
		B25FD8A2268F419500BDFF77 /* LaunchScreen.storyboard in Resources */ = {isa = PBXBuildFile; fileRef = B25FD8A0268F419500BDFF77 /* LaunchScreen.storyboard */; };
		B25FD8B3268F446E00BDFF77 /* ExploreViewController.swift in Sources */ = {isa = PBXBuildFile; fileRef = B25FD8B2268F446E00BDFF77 /* ExploreViewController.swift */; };
		B25FD8B6268F44CD00BDFF77 /* CameraViewController.swift in Sources */ = {isa = PBXBuildFile; fileRef = B25FD8B5268F44CD00BDFF77 /* CameraViewController.swift */; };
		B25FD8B9268F452400BDFF77 /* NotificationViewController.swift in Sources */ = {isa = PBXBuildFile; fileRef = B25FD8B8268F452400BDFF77 /* NotificationViewController.swift */; };
		B25FD8BC268F453C00BDFF77 /* ProfileViewController.swift in Sources */ = {isa = PBXBuildFile; fileRef = B25FD8BB268F453C00BDFF77 /* ProfileViewController.swift */; };
		B25FD8C3268F45DF00BDFF77 /* LoginViewController.swift in Sources */ = {isa = PBXBuildFile; fileRef = B25FD8C2268F45DF00BDFF77 /* LoginViewController.swift */; };
		B25FD8C6268F465900BDFF77 /* RegistrationViewController.swift in Sources */ = {isa = PBXBuildFile; fileRef = B25FD8C5268F465900BDFF77 /* RegistrationViewController.swift */; };
		B25FD8C9268F46A300BDFF77 /* PostViewController.swift in Sources */ = {isa = PBXBuildFile; fileRef = B25FD8C8268F46A300BDFF77 /* PostViewController.swift */; };
		B25FD8CC268F46E100BDFF77 /* EditProfileViewController.swift in Sources */ = {isa = PBXBuildFile; fileRef = B25FD8CB268F46E100BDFF77 /* EditProfileViewController.swift */; };
		B25FD8CF268F470000BDFF77 /* SettingsViewController.swift in Sources */ = {isa = PBXBuildFile; fileRef = B25FD8CE268F470000BDFF77 /* SettingsViewController.swift */; };
		B25FD8D2268F471F00BDFF77 /* ListViewController.swift in Sources */ = {isa = PBXBuildFile; fileRef = B25FD8D1268F471F00BDFF77 /* ListViewController.swift */; };
		B25FD8D5268F474D00BDFF77 /* SearchViewController.swift in Sources */ = {isa = PBXBuildFile; fileRef = B25FD8D4268F474D00BDFF77 /* SearchViewController.swift */; };
		B25FD8D8268F477200BDFF77 /* SearchResultViewController.swift in Sources */ = {isa = PBXBuildFile; fileRef = B25FD8D7268F477200BDFF77 /* SearchResultViewController.swift */; };
		B25FD8DB268F492C00BDFF77 /* PostEditorViewController.swift in Sources */ = {isa = PBXBuildFile; fileRef = B25FD8DA268F492C00BDFF77 /* PostEditorViewController.swift */; };
		B25FD8DE268F494F00BDFF77 /* PublishPostViewController.swift in Sources */ = {isa = PBXBuildFile; fileRef = B25FD8DD268F494F00BDFF77 /* PublishPostViewController.swift */; };
/* End PBXBuildFile section */

/* Begin PBXFileReference section */
		B25FD892268F419300BDFF77 /* InstaClone.app */ = {isa = PBXFileReference; explicitFileType = wrapper.application; includeInIndex = 0; path = InstaClone.app; sourceTree = BUILT_PRODUCTS_DIR; };
		B25FD895268F419300BDFF77 /* AppDelegate.swift */ = {isa = PBXFileReference; lastKnownFileType = sourcecode.swift; path = AppDelegate.swift; sourceTree = "<group>"; };
		B25FD897268F419300BDFF77 /* SceneDelegate.swift */ = {isa = PBXFileReference; lastKnownFileType = sourcecode.swift; path = SceneDelegate.swift; sourceTree = "<group>"; };
		B25FD899268F419300BDFF77 /* HomeViewController.swift */ = {isa = PBXFileReference; lastKnownFileType = sourcecode.swift; path = HomeViewController.swift; sourceTree = "<group>"; };
		B25FD89C268F419300BDFF77 /* Base */ = {isa = PBXFileReference; lastKnownFileType = file.storyboard; name = Base; path = Base.lproj/Main.storyboard; sourceTree = "<group>"; };
		B25FD89E268F419500BDFF77 /* Assets.xcassets */ = {isa = PBXFileReference; lastKnownFileType = folder.assetcatalog; path = Assets.xcassets; sourceTree = "<group>"; };
		B25FD8A1268F419500BDFF77 /* Base */ = {isa = PBXFileReference; lastKnownFileType = file.storyboard; name = Base; path = Base.lproj/LaunchScreen.storyboard; sourceTree = "<group>"; };
		B25FD8A3268F419500BDFF77 /* Info.plist */ = {isa = PBXFileReference; lastKnownFileType = text.plist.xml; path = Info.plist; sourceTree = "<group>"; };
		B25FD8B2268F446E00BDFF77 /* ExploreViewController.swift */ = {isa = PBXFileReference; lastKnownFileType = sourcecode.swift; path = ExploreViewController.swift; sourceTree = "<group>"; };
		B25FD8B5268F44CD00BDFF77 /* CameraViewController.swift */ = {isa = PBXFileReference; lastKnownFileType = sourcecode.swift; path = CameraViewController.swift; sourceTree = "<group>"; };
		B25FD8B8268F452400BDFF77 /* NotificationViewController.swift */ = {isa = PBXFileReference; lastKnownFileType = sourcecode.swift; path = NotificationViewController.swift; sourceTree = "<group>"; };
		B25FD8BB268F453C00BDFF77 /* ProfileViewController.swift */ = {isa = PBXFileReference; lastKnownFileType = sourcecode.swift; path = ProfileViewController.swift; sourceTree = "<group>"; };
		B25FD8C2268F45DF00BDFF77 /* LoginViewController.swift */ = {isa = PBXFileReference; lastKnownFileType = sourcecode.swift; path = LoginViewController.swift; sourceTree = "<group>"; };
		B25FD8C5268F465900BDFF77 /* RegistrationViewController.swift */ = {isa = PBXFileReference; lastKnownFileType = sourcecode.swift; path = RegistrationViewController.swift; sourceTree = "<group>"; };
		B25FD8C8268F46A300BDFF77 /* PostViewController.swift */ = {isa = PBXFileReference; lastKnownFileType = sourcecode.swift; path = PostViewController.swift; sourceTree = "<group>"; };
		B25FD8CB268F46E100BDFF77 /* EditProfileViewController.swift */ = {isa = PBXFileReference; lastKnownFileType = sourcecode.swift; path = EditProfileViewController.swift; sourceTree = "<group>"; };
		B25FD8CE268F470000BDFF77 /* SettingsViewController.swift */ = {isa = PBXFileReference; lastKnownFileType = sourcecode.swift; path = SettingsViewController.swift; sourceTree = "<group>"; };
		B25FD8D1268F471F00BDFF77 /* ListViewController.swift */ = {isa = PBXFileReference; lastKnownFileType = sourcecode.swift; path = ListViewController.swift; sourceTree = "<group>"; };
		B25FD8D4268F474D00BDFF77 /* SearchViewController.swift */ = {isa = PBXFileReference; lastKnownFileType = sourcecode.swift; path = SearchViewController.swift; sourceTree = "<group>"; };
		B25FD8D7268F477200BDFF77 /* SearchResultViewController.swift */ = {isa = PBXFileReference; lastKnownFileType = sourcecode.swift; path = SearchResultViewController.swift; sourceTree = "<group>"; };
		B25FD8DA268F492C00BDFF77 /* PostEditorViewController.swift */ = {isa = PBXFileReference; lastKnownFileType = sourcecode.swift; path = PostEditorViewController.swift; sourceTree = "<group>"; };
		B25FD8DD268F494F00BDFF77 /* PublishPostViewController.swift */ = {isa = PBXFileReference; lastKnownFileType = sourcecode.swift; path = PublishPostViewController.swift; sourceTree = "<group>"; };
/* End PBXFileReference section */

/* Begin PBXFrameworksBuildPhase section */
		B25FD88F268F419300BDFF77 /* Frameworks */ = {
			isa = PBXFrameworksBuildPhase;
			buildActionMask = 2147483647;
			files = (
			);
			runOnlyForDeploymentPostprocessing = 0;
		};
/* End PBXFrameworksBuildPhase section */

/* Begin PBXGroup section */
		B25FD889268F419300BDFF77 = {
			isa = PBXGroup;
			children = (
				B25FD894268F419300BDFF77 /* InstaClone */,
				B25FD893268F419300BDFF77 /* Products */,
			);
			sourceTree = "<group>";
		};
		B25FD893268F419300BDFF77 /* Products */ = {
			isa = PBXGroup;
			children = (
				B25FD892268F419300BDFF77 /* InstaClone.app */,
			);
			name = Products;
			sourceTree = "<group>";
		};
		B25FD894268F419300BDFF77 /* InstaClone */ = {
			isa = PBXGroup;
			children = (
				B25FD8AD268F429700BDFF77 /* Resources */,
				B25FD8AC268F427A00BDFF77 /* Models */,
				B25FD8AB268F426400BDFF77 /* Views */,
				B25FD8AA268F423800BDFF77 /* Controllers */,
				B25FD8A3268F419500BDFF77 /* Info.plist */,
			);
			path = InstaClone;
			sourceTree = "<group>";
		};
		B25FD8AA268F423800BDFF77 /* Controllers */ = {
			isa = PBXGroup;
			children = (
				B25FD8C0268F45AC00BDFF77 /* Other */,
				B25FD8BE268F455F00BDFF77 /* CoreTabs */,
			);
			path = Controllers;
			sourceTree = "<group>";
		};
		B25FD8AB268F426400BDFF77 /* Views */ = {
			isa = PBXGroup;
			children = (
				B25FD89E268F419500BDFF77 /* Assets.xcassets */,
				B25FD8AF268F439F00BDFF77 /* Storyboards */,
			);
			path = Views;
			sourceTree = "<group>";
		};
		B25FD8AC268F427A00BDFF77 /* Models */ = {
			isa = PBXGroup;
			children = (
			);
			path = Models;
			sourceTree = "<group>";
		};
		B25FD8AD268F429700BDFF77 /* Resources */ = {
			isa = PBXGroup;
			children = (
				B25FD897268F419300BDFF77 /* SceneDelegate.swift */,
				B25FD895268F419300BDFF77 /* AppDelegate.swift */,
			);
			path = Resources;
			sourceTree = "<group>";
		};
		B25FD8AF268F439F00BDFF77 /* Storyboards */ = {
			isa = PBXGroup;
			children = (
				B25FD8A0268F419500BDFF77 /* LaunchScreen.storyboard */,
				B25FD89B268F419300BDFF77 /* Main.storyboard */,
			);
			path = Storyboards;
			sourceTree = "<group>";
		};
		B25FD8BE268F455F00BDFF77 /* CoreTabs */ = {
			isa = PBXGroup;
			children = (
				B25FD899268F419300BDFF77 /* HomeViewController.swift */,
				B25FD8B2268F446E00BDFF77 /* ExploreViewController.swift */,
				B25FD8B5268F44CD00BDFF77 /* CameraViewController.swift */,
				B25FD8B8268F452400BDFF77 /* NotificationViewController.swift */,
				B25FD8BB268F453C00BDFF77 /* ProfileViewController.swift */,
			);
			path = CoreTabs;
			sourceTree = "<group>";
		};
		B25FD8C0268F45AC00BDFF77 /* Other */ = {
			isa = PBXGroup;
			children = (
				B25FD8C1268F45BC00BDFF77 /* Onboarding */,
				B25FD8C8268F46A300BDFF77 /* PostViewController.swift */,
				B25FD8CB268F46E100BDFF77 /* EditProfileViewController.swift */,
				B25FD8CE268F470000BDFF77 /* SettingsViewController.swift */,
				B25FD8D1268F471F00BDFF77 /* ListViewController.swift */,
				B25FD8D4268F474D00BDFF77 /* SearchViewController.swift */,
				B25FD8D7268F477200BDFF77 /* SearchResultViewController.swift */,
				B25FD8DA268F492C00BDFF77 /* PostEditorViewController.swift */,
				B25FD8DD268F494F00BDFF77 /* PublishPostViewController.swift */,
			);
			path = Other;
			sourceTree = "<group>";
		};
		B25FD8C1268F45BC00BDFF77 /* Onboarding */ = {
			isa = PBXGroup;
			children = (
				B25FD8C2268F45DF00BDFF77 /* LoginViewController.swift */,
				B25FD8C5268F465900BDFF77 /* RegistrationViewController.swift */,
			);
			path = Onboarding;
			sourceTree = "<group>";
		};
/* End PBXGroup section */

/* Begin PBXNativeTarget section */
		B25FD891268F419300BDFF77 /* InstaClone */ = {
			isa = PBXNativeTarget;
			buildConfigurationList = B25FD8A6268F419500BDFF77 /* Build configuration list for PBXNativeTarget "InstaClone" */;
			buildPhases = (
				B25FD88E268F419300BDFF77 /* Sources */,
				B25FD88F268F419300BDFF77 /* Frameworks */,
				B25FD890268F419300BDFF77 /* Resources */,
			);
			buildRules = (
			);
			dependencies = (
			);
			name = InstaClone;
			productName = InstaClone;
			productReference = B25FD892268F419300BDFF77 /* InstaClone.app */;
			productType = "com.apple.product-type.application";
		};
/* End PBXNativeTarget section */

/* Begin PBXProject section */
		B25FD88A268F419300BDFF77 /* Project object */ = {
			isa = PBXProject;
			attributes = {
				LastSwiftUpdateCheck = 1230;
				LastUpgradeCheck = 1230;
				TargetAttributes = {
					B25FD891268F419300BDFF77 = {
						CreatedOnToolsVersion = 12.3;
					};
				};
			};
			buildConfigurationList = B25FD88D268F419300BDFF77 /* Build configuration list for PBXProject "InstaClone" */;
			compatibilityVersion = "Xcode 9.3";
			developmentRegion = en;
			hasScannedForEncodings = 0;
			knownRegions = (
				en,
				Base,
			);
			mainGroup = B25FD889268F419300BDFF77;
			productRefGroup = B25FD893268F419300BDFF77 /* Products */;
			projectDirPath = "";
			projectRoot = "";
			targets = (
				B25FD891268F419300BDFF77 /* InstaClone */,
			);
		};
/* End PBXProject section */

/* Begin PBXResourcesBuildPhase section */
		B25FD890268F419300BDFF77 /* Resources */ = {
			isa = PBXResourcesBuildPhase;
			buildActionMask = 2147483647;
			files = (
				B25FD8A2268F419500BDFF77 /* LaunchScreen.storyboard in Resources */,
				B25FD89F268F419500BDFF77 /* Assets.xcassets in Resources */,
				B25FD89D268F419300BDFF77 /* Main.storyboard in Resources */,
			);
			runOnlyForDeploymentPostprocessing = 0;
		};
/* End PBXResourcesBuildPhase section */

/* Begin PBXSourcesBuildPhase section */
		B25FD88E268F419300BDFF77 /* Sources */ = {
			isa = PBXSourcesBuildPhase;
			buildActionMask = 2147483647;
			files = (
				B25FD8CC268F46E100BDFF77 /* EditProfileViewController.swift in Sources */,
				B25FD8B3268F446E00BDFF77 /* ExploreViewController.swift in Sources */,
				B25FD8DE268F494F00BDFF77 /* PublishPostViewController.swift in Sources */,
				B25FD8B6268F44CD00BDFF77 /* CameraViewController.swift in Sources */,
				B25FD8B9268F452400BDFF77 /* NotificationViewController.swift in Sources */,
				B25FD8C6268F465900BDFF77 /* RegistrationViewController.swift in Sources */,
				B25FD8DB268F492C00BDFF77 /* PostEditorViewController.swift in Sources */,
				B25FD8C9268F46A300BDFF77 /* PostViewController.swift in Sources */,
				B25FD89A268F419300BDFF77 /* HomeViewController.swift in Sources */,
				B25FD8D8268F477200BDFF77 /* SearchResultViewController.swift in Sources */,
				B25FD8C3268F45DF00BDFF77 /* LoginViewController.swift in Sources */,
				B25FD8D5268F474D00BDFF77 /* SearchViewController.swift in Sources */,
				B25FD8BC268F453C00BDFF77 /* ProfileViewController.swift in Sources */,
				B25FD896268F419300BDFF77 /* AppDelegate.swift in Sources */,
				B25FD898268F419300BDFF77 /* SceneDelegate.swift in Sources */,
				B25FD8D2268F471F00BDFF77 /* ListViewController.swift in Sources */,
				B25FD8CF268F470000BDFF77 /* SettingsViewController.swift in Sources */,
			);
			runOnlyForDeploymentPostprocessing = 0;
		};
/* End PBXSourcesBuildPhase section */

/* Begin PBXVariantGroup section */
		B25FD89B268F419300BDFF77 /* Main.storyboard */ = {
			isa = PBXVariantGroup;
			children = (
				B25FD89C268F419300BDFF77 /* Base */,
			);
			name = Main.storyboard;
			sourceTree = "<group>";
		};
		B25FD8A0268F419500BDFF77 /* LaunchScreen.storyboard */ = {
			isa = PBXVariantGroup;
			children = (
				B25FD8A1268F419500BDFF77 /* Base */,
			);
			name = LaunchScreen.storyboard;
			sourceTree = "<group>";
		};
/* End PBXVariantGroup section */

/* Begin XCBuildConfiguration section */
		B25FD8A4268F419500BDFF77 /* Debug */ = {
			isa = XCBuildConfiguration;
			buildSettings = {
				ALWAYS_SEARCH_USER_PATHS = NO;
				CLANG_ANALYZER_NONNULL = YES;
				CLANG_ANALYZER_NUMBER_OBJECT_CONVERSION = YES_AGGRESSIVE;
				CLANG_CXX_LANGUAGE_STANDARD = "gnu++14";
				CLANG_CXX_LIBRARY = "libc++";
				CLANG_ENABLE_MODULES = YES;
				CLANG_ENABLE_OBJC_ARC = YES;
				CLANG_ENABLE_OBJC_WEAK = YES;
				CLANG_WARN_BLOCK_CAPTURE_AUTORELEASING = YES;
				CLANG_WARN_BOOL_CONVERSION = YES;
				CLANG_WARN_COMMA = YES;
				CLANG_WARN_CONSTANT_CONVERSION = YES;
				CLANG_WARN_DEPRECATED_OBJC_IMPLEMENTATIONS = YES;
				CLANG_WARN_DIRECT_OBJC_ISA_USAGE = YES_ERROR;
				CLANG_WARN_DOCUMENTATION_COMMENTS = YES;
				CLANG_WARN_EMPTY_BODY = YES;
				CLANG_WARN_ENUM_CONVERSION = YES;
				CLANG_WARN_INFINITE_RECURSION = YES;
				CLANG_WARN_INT_CONVERSION = YES;
				CLANG_WARN_NON_LITERAL_NULL_CONVERSION = YES;
				CLANG_WARN_OBJC_IMPLICIT_RETAIN_SELF = YES;
				CLANG_WARN_OBJC_LITERAL_CONVERSION = YES;
				CLANG_WARN_OBJC_ROOT_CLASS = YES_ERROR;
				CLANG_WARN_QUOTED_INCLUDE_IN_FRAMEWORK_HEADER = YES;
				CLANG_WARN_RANGE_LOOP_ANALYSIS = YES;
				CLANG_WARN_STRICT_PROTOTYPES = YES;
				CLANG_WARN_SUSPICIOUS_MOVE = YES;
				CLANG_WARN_UNGUARDED_AVAILABILITY = YES_AGGRESSIVE;
				CLANG_WARN_UNREACHABLE_CODE = YES;
				CLANG_WARN__DUPLICATE_METHOD_MATCH = YES;
				COPY_PHASE_STRIP = NO;
				DEBUG_INFORMATION_FORMAT = dwarf;
				ENABLE_STRICT_OBJC_MSGSEND = YES;
				ENABLE_TESTABILITY = YES;
				GCC_C_LANGUAGE_STANDARD = gnu11;
				GCC_DYNAMIC_NO_PIC = NO;
				GCC_NO_COMMON_BLOCKS = YES;
				GCC_OPTIMIZATION_LEVEL = 0;
				GCC_PREPROCESSOR_DEFINITIONS = (
					"DEBUG=1",
					"$(inherited)",
				);
				GCC_WARN_64_TO_32_BIT_CONVERSION = YES;
				GCC_WARN_ABOUT_RETURN_TYPE = YES_ERROR;
				GCC_WARN_UNDECLARED_SELECTOR = YES;
				GCC_WARN_UNINITIALIZED_AUTOS = YES_AGGRESSIVE;
				GCC_WARN_UNUSED_FUNCTION = YES;
				GCC_WARN_UNUSED_VARIABLE = YES;
				IPHONEOS_DEPLOYMENT_TARGET = 14.3;
				MTL_ENABLE_DEBUG_INFO = INCLUDE_SOURCE;
				MTL_FAST_MATH = YES;
				ONLY_ACTIVE_ARCH = YES;
				SDKROOT = iphoneos;
				SWIFT_ACTIVE_COMPILATION_CONDITIONS = DEBUG;
				SWIFT_OPTIMIZATION_LEVEL = "-Onone";
			};
			name = Debug;
		};
		B25FD8A5268F419500BDFF77 /* Release */ = {
			isa = XCBuildConfiguration;
			buildSettings = {
				ALWAYS_SEARCH_USER_PATHS = NO;
				CLANG_ANALYZER_NONNULL = YES;
				CLANG_ANALYZER_NUMBER_OBJECT_CONVERSION = YES_AGGRESSIVE;
				CLANG_CXX_LANGUAGE_STANDARD = "gnu++14";
				CLANG_CXX_LIBRARY = "libc++";
				CLANG_ENABLE_MODULES = YES;
				CLANG_ENABLE_OBJC_ARC = YES;
				CLANG_ENABLE_OBJC_WEAK = YES;
				CLANG_WARN_BLOCK_CAPTURE_AUTORELEASING = YES;
				CLANG_WARN_BOOL_CONVERSION = YES;
				CLANG_WARN_COMMA = YES;
				CLANG_WARN_CONSTANT_CONVERSION = YES;
				CLANG_WARN_DEPRECATED_OBJC_IMPLEMENTATIONS = YES;
				CLANG_WARN_DIRECT_OBJC_ISA_USAGE = YES_ERROR;
				CLANG_WARN_DOCUMENTATION_COMMENTS = YES;
				CLANG_WARN_EMPTY_BODY = YES;
				CLANG_WARN_ENUM_CONVERSION = YES;
				CLANG_WARN_INFINITE_RECURSION = YES;
				CLANG_WARN_INT_CONVERSION = YES;
				CLANG_WARN_NON_LITERAL_NULL_CONVERSION = YES;
				CLANG_WARN_OBJC_IMPLICIT_RETAIN_SELF = YES;
				CLANG_WARN_OBJC_LITERAL_CONVERSION = YES;
				CLANG_WARN_OBJC_ROOT_CLASS = YES_ERROR;
				CLANG_WARN_QUOTED_INCLUDE_IN_FRAMEWORK_HEADER = YES;
				CLANG_WARN_RANGE_LOOP_ANALYSIS = YES;
				CLANG_WARN_STRICT_PROTOTYPES = YES;
				CLANG_WARN_SUSPICIOUS_MOVE = YES;
				CLANG_WARN_UNGUARDED_AVAILABILITY = YES_AGGRESSIVE;
				CLANG_WARN_UNREACHABLE_CODE = YES;
				CLANG_WARN__DUPLICATE_METHOD_MATCH = YES;
				COPY_PHASE_STRIP = NO;
				DEBUG_INFORMATION_FORMAT = "dwarf-with-dsym";
				ENABLE_NS_ASSERTIONS = NO;
				ENABLE_STRICT_OBJC_MSGSEND = YES;
				GCC_C_LANGUAGE_STANDARD = gnu11;
				GCC_NO_COMMON_BLOCKS = YES;
				GCC_WARN_64_TO_32_BIT_CONVERSION = YES;
				GCC_WARN_ABOUT_RETURN_TYPE = YES_ERROR;
				GCC_WARN_UNDECLARED_SELECTOR = YES;
				GCC_WARN_UNINITIALIZED_AUTOS = YES_AGGRESSIVE;
				GCC_WARN_UNUSED_FUNCTION = YES;
				GCC_WARN_UNUSED_VARIABLE = YES;
				IPHONEOS_DEPLOYMENT_TARGET = 14.3;
				MTL_ENABLE_DEBUG_INFO = NO;
				MTL_FAST_MATH = YES;
				SDKROOT = iphoneos;
				SWIFT_COMPILATION_MODE = wholemodule;
				SWIFT_OPTIMIZATION_LEVEL = "-O";
				VALIDATE_PRODUCT = YES;
			};
			name = Release;
		};
		B25FD8A7268F419500BDFF77 /* Debug */ = {
			isa = XCBuildConfiguration;
			buildSettings = {
				ASSETCATALOG_COMPILER_APPICON_NAME = AppIcon;
				ASSETCATALOG_COMPILER_GLOBAL_ACCENT_COLOR_NAME = AccentColor;
				CODE_SIGN_STYLE = Automatic;
				INFOPLIST_FILE = InstaClone/Info.plist;
				LD_RUNPATH_SEARCH_PATHS = (
					"$(inherited)",
					"@executable_path/Frameworks",
				);
				PRODUCT_BUNDLE_IDENTIFIER = "Radik-Nuriev.InstaClone";
				PRODUCT_NAME = "$(TARGET_NAME)";
				SWIFT_VERSION = 5.0;
				TARGETED_DEVICE_FAMILY = "1,2";
			};
			name = Debug;
		};
		B25FD8A8268F419500BDFF77 /* Release */ = {
			isa = XCBuildConfiguration;
			buildSettings = {
				ASSETCATALOG_COMPILER_APPICON_NAME = AppIcon;
				ASSETCATALOG_COMPILER_GLOBAL_ACCENT_COLOR_NAME = AccentColor;
				CODE_SIGN_STYLE = Automatic;
				INFOPLIST_FILE = InstaClone/Info.plist;
				LD_RUNPATH_SEARCH_PATHS = (
					"$(inherited)",
					"@executable_path/Frameworks",
				);
				PRODUCT_BUNDLE_IDENTIFIER = "Radik-Nuriev.InstaClone";
				PRODUCT_NAME = "$(TARGET_NAME)";
				SWIFT_VERSION = 5.0;
				TARGETED_DEVICE_FAMILY = "1,2";
			};
			name = Release;
		};
/* End XCBuildConfiguration section */

/* Begin XCConfigurationList section */
		B25FD88D268F419300BDFF77 /* Build configuration list for PBXProject "InstaClone" */ = {
			isa = XCConfigurationList;
			buildConfigurations = (
				B25FD8A4268F419500BDFF77 /* Debug */,
				B25FD8A5268F419500BDFF77 /* Release */,
			);
			defaultConfigurationIsVisible = 0;
			defaultConfigurationName = Release;
		};
		B25FD8A6268F419500BDFF77 /* Build configuration list for PBXNativeTarget "InstaClone" */ = {
			isa = XCConfigurationList;
			buildConfigurations = (
				B25FD8A7268F419500BDFF77 /* Debug */,
				B25FD8A8268F419500BDFF77 /* Release */,
			);
			defaultConfigurationIsVisible = 0;
			defaultConfigurationName = Release;
		};
/* End XCConfigurationList section */
	};
	rootObject = B25FD88A268F419300BDFF77 /* Project object */;
}
